// !$*UTF8*$!
{
	archiveVersion = 1;
	classes = {
	};
	objectVersion = 48;
	objects = {

/* Begin PBXBuildFile section */
		5CA0BDFE96BFB6B92DCD27E2 /* Pods_Uber_Rider.framework in Frameworks */ = {isa = PBXBuildFile; fileRef = C22E174FB9C5C897C831040D /* Pods_Uber_Rider.framework */; };
		9A12DC8A1F6DB79E0010B810 /* AppDelegate.swift in Sources */ = {isa = PBXBuildFile; fileRef = 9A12DC891F6DB79E0010B810 /* AppDelegate.swift */; };
		9A12DC8F1F6DB79E0010B810 /* Main.storyboard in Resources */ = {isa = PBXBuildFile; fileRef = 9A12DC8D1F6DB79E0010B810 /* Main.storyboard */; };
		9A12DC911F6DB79E0010B810 /* Assets.xcassets in Resources */ = {isa = PBXBuildFile; fileRef = 9A12DC901F6DB79E0010B810 /* Assets.xcassets */; };
		9A12DC941F6DB79E0010B810 /* LaunchScreen.storyboard in Resources */ = {isa = PBXBuildFile; fileRef = 9A12DC921F6DB79E0010B810 /* LaunchScreen.storyboard */; };
		9A5D404E1F6E43C500E39D35 /* UberHandler.swift in Sources */ = {isa = PBXBuildFile; fileRef = 9A5D404D1F6E43C500E39D35 /* UberHandler.swift */; };
		9A7EDE8C1F6DC18600E07795 /* URSignInVC.swift in Sources */ = {isa = PBXBuildFile; fileRef = 9A7EDE8B1F6DC18600E07795 /* URSignInVC.swift */; };
		9AEEB1C61F6DD92800835735 /* GoogleService-Info.plist in Resources */ = {isa = PBXBuildFile; fileRef = 9AEEB1C51F6DD8FA00835735 /* GoogleService-Info.plist */; };
		9AEEB1CC1F6E206600835735 /* AuthProvider.swift in Sources */ = {isa = PBXBuildFile; fileRef = 9AEEB1CB1F6E206600835735 /* AuthProvider.swift */; };
		9AEEB1CE1F6E20CC00835735 /* URRiderVC.swift in Sources */ = {isa = PBXBuildFile; fileRef = 9AEEB1CD1F6E20CC00835735 /* URRiderVC.swift */; };
		9AEEB1D01F6E264400835735 /* Utils.swift in Sources */ = {isa = PBXBuildFile; fileRef = 9AEEB1CF1F6E264400835735 /* Utils.swift */; };
		9AEEB1DA1F6E33EB00835735 /* Constants.swift in Sources */ = {isa = PBXBuildFile; fileRef = 9AEEB1D91F6E33EB00835735 /* Constants.swift */; };
		9AEEB1DC1F6E340800835735 /* DBProvider.swift in Sources */ = {isa = PBXBuildFile; fileRef = 9AEEB1DB1F6E340800835735 /* DBProvider.swift */; };
/* End PBXBuildFile section */

/* Begin PBXFileReference section */
		2EC3180B4C8870E8DEBC467A /* Pods-Uber Rider.debug.xcconfig */ = {isa = PBXFileReference; includeInIndex = 1; lastKnownFileType = text.xcconfig; name = "Pods-Uber Rider.debug.xcconfig"; path = "Pods/Target Support Files/Pods-Uber Rider/Pods-Uber Rider.debug.xcconfig"; sourceTree = "<group>"; };
		637156E32BAFB430AA688ED2 /* Pods-Uber Rider.release.xcconfig */ = {isa = PBXFileReference; includeInIndex = 1; lastKnownFileType = text.xcconfig; name = "Pods-Uber Rider.release.xcconfig"; path = "Pods/Target Support Files/Pods-Uber Rider/Pods-Uber Rider.release.xcconfig"; sourceTree = "<group>"; };
		9A12DC861F6DB79E0010B810 /* Uber Rider.app */ = {isa = PBXFileReference; explicitFileType = wrapper.application; includeInIndex = 0; path = "Uber Rider.app"; sourceTree = BUILT_PRODUCTS_DIR; };
		9A12DC891F6DB79E0010B810 /* AppDelegate.swift */ = {isa = PBXFileReference; lastKnownFileType = sourcecode.swift; path = AppDelegate.swift; sourceTree = "<group>"; };
		9A12DC8E1F6DB79E0010B810 /* Base */ = {isa = PBXFileReference; lastKnownFileType = file.storyboard; name = Base; path = Base.lproj/Main.storyboard; sourceTree = "<group>"; };
		9A12DC901F6DB79E0010B810 /* Assets.xcassets */ = {isa = PBXFileReference; lastKnownFileType = folder.assetcatalog; path = Assets.xcassets; sourceTree = "<group>"; };
		9A12DC931F6DB79E0010B810 /* Base */ = {isa = PBXFileReference; lastKnownFileType = file.storyboard; name = Base; path = Base.lproj/LaunchScreen.storyboard; sourceTree = "<group>"; };
		9A12DC951F6DB79E0010B810 /* Info.plist */ = {isa = PBXFileReference; lastKnownFileType = text.plist.xml; path = Info.plist; sourceTree = "<group>"; };
		9A5D404D1F6E43C500E39D35 /* UberHandler.swift */ = {isa = PBXFileReference; lastKnownFileType = sourcecode.swift; path = UberHandler.swift; sourceTree = "<group>"; };
		9A7EDE8B1F6DC18600E07795 /* URSignInVC.swift */ = {isa = PBXFileReference; lastKnownFileType = sourcecode.swift; path = URSignInVC.swift; sourceTree = "<group>"; };
		9AEEB1C51F6DD8FA00835735 /* GoogleService-Info.plist */ = {isa = PBXFileReference; lastKnownFileType = text.plist.xml; path = "GoogleService-Info.plist"; sourceTree = "<group>"; };
		9AEEB1CB1F6E206600835735 /* AuthProvider.swift */ = {isa = PBXFileReference; lastKnownFileType = sourcecode.swift; path = AuthProvider.swift; sourceTree = "<group>"; };
		9AEEB1CD1F6E20CC00835735 /* URRiderVC.swift */ = {isa = PBXFileReference; lastKnownFileType = sourcecode.swift; path = URRiderVC.swift; sourceTree = "<group>"; };
		9AEEB1CF1F6E264400835735 /* Utils.swift */ = {isa = PBXFileReference; lastKnownFileType = sourcecode.swift; path = Utils.swift; sourceTree = "<group>"; };
		9AEEB1D91F6E33EB00835735 /* Constants.swift */ = {isa = PBXFileReference; lastKnownFileType = sourcecode.swift; path = Constants.swift; sourceTree = "<group>"; };
		9AEEB1DB1F6E340800835735 /* DBProvider.swift */ = {isa = PBXFileReference; lastKnownFileType = sourcecode.swift; path = DBProvider.swift; sourceTree = "<group>"; };
		C22E174FB9C5C897C831040D /* Pods_Uber_Rider.framework */ = {isa = PBXFileReference; explicitFileType = wrapper.framework; includeInIndex = 0; path = Pods_Uber_Rider.framework; sourceTree = BUILT_PRODUCTS_DIR; };
/* End PBXFileReference section */

/* Begin PBXFrameworksBuildPhase section */
		9A12DC831F6DB79E0010B810 /* Frameworks */ = {
			isa = PBXFrameworksBuildPhase;
			buildActionMask = 2147483647;
			files = (
				5CA0BDFE96BFB6B92DCD27E2 /* Pods_Uber_Rider.framework in Frameworks */,
			);
			runOnlyForDeploymentPostprocessing = 0;
		};
/* End PBXFrameworksBuildPhase section */

/* Begin PBXGroup section */
		960B8160157ECD931E0A7A3F /* Frameworks */ = {
			isa = PBXGroup;
			children = (
				C22E174FB9C5C897C831040D /* Pods_Uber_Rider.framework */,
			);
			name = Frameworks;
			sourceTree = "<group>";
		};
		9A12DC7D1F6DB79E0010B810 = {
			isa = PBXGroup;
			children = (
				9A12DC881F6DB79E0010B810 /* Uber Rider */,
				9A12DC871F6DB79E0010B810 /* Products */,
				FDCC9F561201BA351C6CA389 /* Pods */,
				960B8160157ECD931E0A7A3F /* Frameworks */,
			);
			sourceTree = "<group>";
		};
		9A12DC871F6DB79E0010B810 /* Products */ = {
			isa = PBXGroup;
			children = (
				9A12DC861F6DB79E0010B810 /* Uber Rider.app */,
			);
			name = Products;
			sourceTree = "<group>";
		};
		9A12DC881F6DB79E0010B810 /* Uber Rider */ = {
			isa = PBXGroup;
			children = (
				9AEEB1CA1F6E205200835735 /* Plugins */,
				9A7EDE8A1F6DC16B00E07795 /* Controllers */,
				9A12DC891F6DB79E0010B810 /* AppDelegate.swift */,
				9A12DC8D1F6DB79E0010B810 /* Main.storyboard */,
				9A12DC901F6DB79E0010B810 /* Assets.xcassets */,
				9A12DC921F6DB79E0010B810 /* LaunchScreen.storyboard */,
				9A12DC951F6DB79E0010B810 /* Info.plist */,
				9AEEB1C51F6DD8FA00835735 /* GoogleService-Info.plist */,
			);
			path = "Uber Rider";
			sourceTree = "<group>";
		};
		9A7EDE8A1F6DC16B00E07795 /* Controllers */ = {
			isa = PBXGroup;
			children = (
				9A7EDE8B1F6DC18600E07795 /* URSignInVC.swift */,
				9AEEB1CD1F6E20CC00835735 /* URRiderVC.swift */,
			);
			path = Controllers;
			sourceTree = "<group>";
		};
		9AEEB1CA1F6E205200835735 /* Plugins */ = {
			isa = PBXGroup;
			children = (
				9AEEB1CB1F6E206600835735 /* AuthProvider.swift */,
				9AEEB1CF1F6E264400835735 /* Utils.swift */,
				9AEEB1D91F6E33EB00835735 /* Constants.swift */,
				9AEEB1DB1F6E340800835735 /* DBProvider.swift */,
				9A5D404D1F6E43C500E39D35 /* UberHandler.swift */,
			);
			path = Plugins;
			sourceTree = "<group>";
		};
		FDCC9F561201BA351C6CA389 /* Pods */ = {
			isa = PBXGroup;
			children = (
				2EC3180B4C8870E8DEBC467A /* Pods-Uber Rider.debug.xcconfig */,
				637156E32BAFB430AA688ED2 /* Pods-Uber Rider.release.xcconfig */,
			);
			name = Pods;
			sourceTree = "<group>";
		};
/* End PBXGroup section */

/* Begin PBXNativeTarget section */
		9A12DC851F6DB79E0010B810 /* Uber Rider */ = {
			isa = PBXNativeTarget;
			buildConfigurationList = 9A12DC981F6DB79E0010B810 /* Build configuration list for PBXNativeTarget "Uber Rider" */;
			buildPhases = (
				99BF7A6EE2B3DD63E4DE2C4A /* [CP] Check Pods Manifest.lock */,
				9A12DC821F6DB79E0010B810 /* Sources */,
				9A12DC831F6DB79E0010B810 /* Frameworks */,
				9A12DC841F6DB79E0010B810 /* Resources */,
				03D90A2951E1876F7797F65D /* [CP] Embed Pods Frameworks */,
				8603C3D6BA6E2919B3583893 /* [CP] Copy Pods Resources */,
			);
			buildRules = (
			);
			dependencies = (
			);
			name = "Uber Rider";
			productName = "Uber Rider";
			productReference = 9A12DC861F6DB79E0010B810 /* Uber Rider.app */;
			productType = "com.apple.product-type.application";
		};
/* End PBXNativeTarget section */

/* Begin PBXProject section */
		9A12DC7E1F6DB79E0010B810 /* Project object */ = {
			isa = PBXProject;
			attributes = {
				LastSwiftUpdateCheck = 0900;
				LastUpgradeCheck = 0900;
				ORGANIZATIONNAME = "Jordan Capa";
				TargetAttributes = {
					9A12DC851F6DB79E0010B810 = {
						CreatedOnToolsVersion = 9.0;
						ProvisioningStyle = Automatic;
					};
				};
			};
			buildConfigurationList = 9A12DC811F6DB79E0010B810 /* Build configuration list for PBXProject "Uber Rider" */;
			compatibilityVersion = "Xcode 8.0";
			developmentRegion = en;
			hasScannedForEncodings = 0;
			knownRegions = (
				en,
				Base,
			);
			mainGroup = 9A12DC7D1F6DB79E0010B810;
			productRefGroup = 9A12DC871F6DB79E0010B810 /* Products */;
			projectDirPath = "";
			projectRoot = "";
			targets = (
				9A12DC851F6DB79E0010B810 /* Uber Rider */,
			);
		};
/* End PBXProject section */

/* Begin PBXResourcesBuildPhase section */
		9A12DC841F6DB79E0010B810 /* Resources */ = {
			isa = PBXResourcesBuildPhase;
			buildActionMask = 2147483647;
			files = (
				9A12DC941F6DB79E0010B810 /* LaunchScreen.storyboard in Resources */,
				9AEEB1C61F6DD92800835735 /* GoogleService-Info.plist in Resources */,
				9A12DC911F6DB79E0010B810 /* Assets.xcassets in Resources */,
				9A12DC8F1F6DB79E0010B810 /* Main.storyboard in Resources */,
			);
			runOnlyForDeploymentPostprocessing = 0;
		};
/* End PBXResourcesBuildPhase section */

/* Begin PBXShellScriptBuildPhase section */
		03D90A2951E1876F7797F65D /* [CP] Embed Pods Frameworks */ = {
			isa = PBXShellScriptBuildPhase;
			buildActionMask = 2147483647;
			files = (
			);
			inputPaths = (
				"${SRCROOT}/Pods/Target Support Files/Pods-Uber Rider/Pods-Uber Rider-frameworks.sh",
				"${BUILT_PRODUCTS_DIR}/GTMSessionFetcher/GTMSessionFetcher.framework",
				"${BUILT_PRODUCTS_DIR}/GoogleToolboxForMac/GoogleToolboxForMac.framework",
				"${BUILT_PRODUCTS_DIR}/SVProgressHUD/SVProgressHUD.framework",
				"${BUILT_PRODUCTS_DIR}/leveldb-library/leveldb.framework",
				"${BUILT_PRODUCTS_DIR}/nanopb/nanopb.framework",
			);
			name = "[CP] Embed Pods Frameworks";
			outputPaths = (
				"${TARGET_BUILD_DIR}/${FRAMEWORKS_FOLDER_PATH}/GTMSessionFetcher.framework",
				"${TARGET_BUILD_DIR}/${FRAMEWORKS_FOLDER_PATH}/GoogleToolboxForMac.framework",
				"${TARGET_BUILD_DIR}/${FRAMEWORKS_FOLDER_PATH}/SVProgressHUD.framework",
				"${TARGET_BUILD_DIR}/${FRAMEWORKS_FOLDER_PATH}/leveldb.framework",
				"${TARGET_BUILD_DIR}/${FRAMEWORKS_FOLDER_PATH}/nanopb.framework",
			);
			runOnlyForDeploymentPostprocessing = 0;
			shellPath = /bin/sh;
			shellScript = "\"${SRCROOT}/Pods/Target Support Files/Pods-Uber Rider/Pods-Uber Rider-frameworks.sh\"\n";
			showEnvVarsInLog = 0;
		};
		8603C3D6BA6E2919B3583893 /* [CP] Copy Pods Resources */ = {
			isa = PBXShellScriptBuildPhase;
			buildActionMask = 2147483647;
			files = (
			);
			inputPaths = (
			);
			name = "[CP] Copy Pods Resources";
			outputPaths = (
			);
			runOnlyForDeploymentPostprocessing = 0;
			shellPath = /bin/sh;
			shellScript = "\"${SRCROOT}/Pods/Target Support Files/Pods-Uber Rider/Pods-Uber Rider-resources.sh\"\n";
			showEnvVarsInLog = 0;
		};
		99BF7A6EE2B3DD63E4DE2C4A /* [CP] Check Pods Manifest.lock */ = {
			isa = PBXShellScriptBuildPhase;
			buildActionMask = 2147483647;
			files = (
			);
			inputPaths = (
				"${PODS_PODFILE_DIR_PATH}/Podfile.lock",
				"${PODS_ROOT}/Manifest.lock",
			);
			name = "[CP] Check Pods Manifest.lock";
			outputPaths = (
				"$(DERIVED_FILE_DIR)/Pods-Uber Rider-checkManifestLockResult.txt",
			);
			runOnlyForDeploymentPostprocessing = 0;
			shellPath = /bin/sh;
			shellScript = "diff \"${PODS_PODFILE_DIR_PATH}/Podfile.lock\" \"${PODS_ROOT}/Manifest.lock\" > /dev/null\nif [ $? != 0 ] ; then\n    # print error to STDERR\n    echo \"error: The sandbox is not in sync with the Podfile.lock. Run 'pod install' or update your CocoaPods installation.\" >&2\n    exit 1\nfi\n# This output is used by Xcode 'outputs' to avoid re-running this script phase.\necho \"SUCCESS\" > \"${SCRIPT_OUTPUT_FILE_0}\"\n";
			showEnvVarsInLog = 0;
		};
/* End PBXShellScriptBuildPhase section */

/* Begin PBXSourcesBuildPhase section */
		9A12DC821F6DB79E0010B810 /* Sources */ = {
			isa = PBXSourcesBuildPhase;
			buildActionMask = 2147483647;
			files = (
				9A5D404E1F6E43C500E39D35 /* UberHandler.swift in Sources */,
				9AEEB1D01F6E264400835735 /* Utils.swift in Sources */,
				9AEEB1CE1F6E20CC00835735 /* URRiderVC.swift in Sources */,
				9AEEB1CC1F6E206600835735 /* AuthProvider.swift in Sources */,
				9AEEB1DC1F6E340800835735 /* DBProvider.swift in Sources */,
				9A7EDE8C1F6DC18600E07795 /* URSignInVC.swift in Sources */,
				9A12DC8A1F6DB79E0010B810 /* AppDelegate.swift in Sources */,
				9AEEB1DA1F6E33EB00835735 /* Constants.swift in Sources */,
			);
			runOnlyForDeploymentPostprocessing = 0;
		};
/* End PBXSourcesBuildPhase section */

/* Begin PBXVariantGroup section */
		9A12DC8D1F6DB79E0010B810 /* Main.storyboard */ = {
			isa = PBXVariantGroup;
			children = (
				9A12DC8E1F6DB79E0010B810 /* Base */,
			);
			name = Main.storyboard;
			sourceTree = "<group>";
		};
		9A12DC921F6DB79E0010B810 /* LaunchScreen.storyboard */ = {
			isa = PBXVariantGroup;
			children = (
				9A12DC931F6DB79E0010B810 /* Base */,
			);
			name = LaunchScreen.storyboard;
			sourceTree = "<group>";
		};
/* End PBXVariantGroup section */

/* Begin XCBuildConfiguration section */
		9A12DC961F6DB79E0010B810 /* Debug */ = {
			isa = XCBuildConfiguration;
			buildSettings = {
				ALWAYS_SEARCH_USER_PATHS = NO;
				CLANG_ANALYZER_NONNULL = YES;
				CLANG_ANALYZER_NUMBER_OBJECT_CONVERSION = YES_AGGRESSIVE;
				CLANG_CXX_LANGUAGE_STANDARD = "gnu++14";
				CLANG_CXX_LIBRARY = "libc++";
				CLANG_ENABLE_MODULES = YES;
				CLANG_ENABLE_OBJC_ARC = YES;
				CLANG_WARN_BLOCK_CAPTURE_AUTORELEASING = YES;
				CLANG_WARN_BOOL_CONVERSION = YES;
				CLANG_WARN_COMMA = YES;
				CLANG_WARN_CONSTANT_CONVERSION = YES;
				CLANG_WARN_DIRECT_OBJC_ISA_USAGE = YES_ERROR;
				CLANG_WARN_DOCUMENTATION_COMMENTS = YES;
				CLANG_WARN_EMPTY_BODY = YES;
				CLANG_WARN_ENUM_CONVERSION = YES;
				CLANG_WARN_INFINITE_RECURSION = YES;
				CLANG_WARN_INT_CONVERSION = YES;
				CLANG_WARN_NON_LITERAL_NULL_CONVERSION = YES;
				CLANG_WARN_OBJC_LITERAL_CONVERSION = YES;
				CLANG_WARN_OBJC_ROOT_CLASS = YES_ERROR;
				CLANG_WARN_RANGE_LOOP_ANALYSIS = YES;
				CLANG_WARN_STRICT_PROTOTYPES = YES;
				CLANG_WARN_SUSPICIOUS_MOVE = YES;
				CLANG_WARN_UNGUARDED_AVAILABILITY = YES_AGGRESSIVE;
				CLANG_WARN_UNREACHABLE_CODE = YES;
				CLANG_WARN__DUPLICATE_METHOD_MATCH = YES;
				CODE_SIGN_IDENTITY = "iPhone Developer";
				COPY_PHASE_STRIP = NO;
				DEBUG_INFORMATION_FORMAT = dwarf;
				ENABLE_STRICT_OBJC_MSGSEND = YES;
				ENABLE_TESTABILITY = YES;
				GCC_C_LANGUAGE_STANDARD = gnu11;
				GCC_DYNAMIC_NO_PIC = NO;
				GCC_NO_COMMON_BLOCKS = YES;
				GCC_OPTIMIZATION_LEVEL = 0;
				GCC_PREPROCESSOR_DEFINITIONS = (
					"DEBUG=1",
					"$(inherited)",
				);
				GCC_WARN_64_TO_32_BIT_CONVERSION = YES;
				GCC_WARN_ABOUT_RETURN_TYPE = YES_ERROR;
				GCC_WARN_UNDECLARED_SELECTOR = YES;
				GCC_WARN_UNINITIALIZED_AUTOS = YES_AGGRESSIVE;
				GCC_WARN_UNUSED_FUNCTION = YES;
				GCC_WARN_UNUSED_VARIABLE = YES;
				IPHONEOS_DEPLOYMENT_TARGET = 11.0;
				MTL_ENABLE_DEBUG_INFO = YES;
				ONLY_ACTIVE_ARCH = YES;
				SDKROOT = iphoneos;
				SWIFT_ACTIVE_COMPILATION_CONDITIONS = DEBUG;
				SWIFT_OPTIMIZATION_LEVEL = "-Onone";
			};
			name = Debug;
		};
		9A12DC971F6DB79E0010B810 /* Release */ = {
			isa = XCBuildConfiguration;
			buildSettings = {
				ALWAYS_SEARCH_USER_PATHS = NO;
				CLANG_ANALYZER_NONNULL = YES;
				CLANG_ANALYZER_NUMBER_OBJECT_CONVERSION = YES_AGGRESSIVE;
				CLANG_CXX_LANGUAGE_STANDARD = "gnu++14";
				CLANG_CXX_LIBRARY = "libc++";
				CLANG_ENABLE_MODULES = YES;
				CLANG_ENABLE_OBJC_ARC = YES;
				CLANG_WARN_BLOCK_CAPTURE_AUTORELEASING = YES;
				CLANG_WARN_BOOL_CONVERSION = YES;
				CLANG_WARN_COMMA = YES;
				CLANG_WARN_CONSTANT_CONVERSION = YES;
				CLANG_WARN_DIRECT_OBJC_ISA_USAGE = YES_ERROR;
				CLANG_WARN_DOCUMENTATION_COMMENTS = YES;
				CLANG_WARN_EMPTY_BODY = YES;
				CLANG_WARN_ENUM_CONVERSION = YES;
				CLANG_WARN_INFINITE_RECURSION = YES;
				CLANG_WARN_INT_CONVERSION = YES;
				CLANG_WARN_NON_LITERAL_NULL_CONVERSION = YES;
				CLANG_WARN_OBJC_LITERAL_CONVERSION = YES;
				CLANG_WARN_OBJC_ROOT_CLASS = YES_ERROR;
				CLANG_WARN_RANGE_LOOP_ANALYSIS = YES;
				CLANG_WARN_STRICT_PROTOTYPES = YES;
				CLANG_WARN_SUSPICIOUS_MOVE = YES;
				CLANG_WARN_UNGUARDED_AVAILABILITY = YES_AGGRESSIVE;
				CLANG_WARN_UNREACHABLE_CODE = YES;
				CLANG_WARN__DUPLICATE_METHOD_MATCH = YES;
				CODE_SIGN_IDENTITY = "iPhone Developer";
				COPY_PHASE_STRIP = NO;
				DEBUG_INFORMATION_FORMAT = "dwarf-with-dsym";
				ENABLE_NS_ASSERTIONS = NO;
				ENABLE_STRICT_OBJC_MSGSEND = YES;
				GCC_C_LANGUAGE_STANDARD = gnu11;
				GCC_NO_COMMON_BLOCKS = YES;
				GCC_WARN_64_TO_32_BIT_CONVERSION = YES;
				GCC_WARN_ABOUT_RETURN_TYPE = YES_ERROR;
				GCC_WARN_UNDECLARED_SELECTOR = YES;
				GCC_WARN_UNINITIALIZED_AUTOS = YES_AGGRESSIVE;
				GCC_WARN_UNUSED_FUNCTION = YES;
				GCC_WARN_UNUSED_VARIABLE = YES;
				IPHONEOS_DEPLOYMENT_TARGET = 11.0;
				MTL_ENABLE_DEBUG_INFO = NO;
				SDKROOT = iphoneos;
				SWIFT_OPTIMIZATION_LEVEL = "-Owholemodule";
				VALIDATE_PRODUCT = YES;
			};
			name = Release;
		};
		9A12DC991F6DB79E0010B810 /* Debug */ = {
			isa = XCBuildConfiguration;
			baseConfigurationReference = 2EC3180B4C8870E8DEBC467A /* Pods-Uber Rider.debug.xcconfig */;
			buildSettings = {
				ASSETCATALOG_COMPILER_APPICON_NAME = AppIcon;
				CODE_SIGN_STYLE = Automatic;
				DEVELOPMENT_TEAM = 8G3U5J6J6N;
				INFOPLIST_FILE = "Uber Rider/Info.plist";
				LD_RUNPATH_SEARCH_PATHS = "$(inherited) @executable_path/Frameworks";
				PRODUCT_BUNDLE_IDENTIFIER = "ios.jcapas.github.Uber-Rider";
				PRODUCT_NAME = "$(TARGET_NAME)";
				SWIFT_VERSION = 4.0;
				TARGETED_DEVICE_FAMILY = "1,2";
			};
			name = Debug;
		};
		9A12DC9A1F6DB79E0010B810 /* Release */ = {
			isa = XCBuildConfiguration;
			baseConfigurationReference = 637156E32BAFB430AA688ED2 /* Pods-Uber Rider.release.xcconfig */;
			buildSettings = {
				ASSETCATALOG_COMPILER_APPICON_NAME = AppIcon;
				CODE_SIGN_STYLE = Automatic;
				DEVELOPMENT_TEAM = 8G3U5J6J6N;
				INFOPLIST_FILE = "Uber Rider/Info.plist";
				LD_RUNPATH_SEARCH_PATHS = "$(inherited) @executable_path/Frameworks";
				PRODUCT_BUNDLE_IDENTIFIER = "ios.jcapas.github.Uber-Rider";
				PRODUCT_NAME = "$(TARGET_NAME)";
				SWIFT_VERSION = 4.0;
				TARGETED_DEVICE_FAMILY = "1,2";
			};
			name = Release;
		};
/* End XCBuildConfiguration section */

/* Begin XCConfigurationList section */
		9A12DC811F6DB79E0010B810 /* Build configuration list for PBXProject "Uber Rider" */ = {
			isa = XCConfigurationList;
			buildConfigurations = (
				9A12DC961F6DB79E0010B810 /* Debug */,
				9A12DC971F6DB79E0010B810 /* Release */,
			);
			defaultConfigurationIsVisible = 0;
			defaultConfigurationName = Release;
		};
		9A12DC981F6DB79E0010B810 /* Build configuration list for PBXNativeTarget "Uber Rider" */ = {
			isa = XCConfigurationList;
			buildConfigurations = (
				9A12DC991F6DB79E0010B810 /* Debug */,
				9A12DC9A1F6DB79E0010B810 /* Release */,
			);
			defaultConfigurationIsVisible = 0;
			defaultConfigurationName = Release;
		};
/* End XCConfigurationList section */
	};
	rootObject = 9A12DC7E1F6DB79E0010B810 /* Project object */;
}
